{
  "version": 4,
  "terraform_version": "1.4.6",
  "serial": 205,
  "lineage": "725a6d2b-fff7-75b7-c5c9-99979ba87690",
  "outputs": {
    "elb_dns": {
      "value": [
        "nginxLB-562018167.eu-central-1.elb.amazonaws.com"
      ],
      "type": [
        "tuple",
        [
          "string"
        ]
      ]
    }
  },
  "resources": [
    {
      "mode": "data",
      "type": "aws_ami",
      "name": "ubuntu",
      "provider": "provider[\"registry.terraform.io/hashicorp/aws\"]",
      "instances": [
        {
          "schema_version": 0,
          "attributes": {
            "architecture": "x86_64",
            "arn": "arn:aws:ec2:eu-central-1::image/ami-0ab1a82de7ca5889c",
            "block_device_mappings": [
              {
                "device_name": "/dev/sda1",
                "ebs": {
                  "delete_on_termination": "true",
                  "encrypted": "false",
                  "iops": "0",
                  "snapshot_id": "snap-0f957c2852921827c",
                  "throughput": "0",
                  "volume_size": "8",
                  "volume_type": "gp2"
                },
                "no_device": "",
                "virtual_name": ""
              },
              {
                "device_name": "/dev/sdb",
                "ebs": {},
                "no_device": "",
                "virtual_name": "ephemeral0"
              },
              {
                "device_name": "/dev/sdc",
                "ebs": {},
                "no_device": "",
                "virtual_name": "ephemeral1"
              }
            ],
            "boot_mode": "legacy-bios",
            "creation_date": "2023-05-17T23:59:28.000Z",
            "deprecation_time": "2025-05-17T23:59:28.000Z",
            "description": "Canonical, Ubuntu, 20.04 LTS, amd64 focal image build on 2023-05-17",
            "ena_support": true,
            "executable_users": null,
            "filter": [
              {
                "name": "name",
                "values": [
                  "ubuntu/images/hvm-ssd/ubuntu-focal-20.04-amd64-server-*"
                ]
              }
            ],
            "hypervisor": "xen",
            "id": "ami-0ab1a82de7ca5889c",
            "image_id": "ami-0ab1a82de7ca5889c",
            "image_location": "amazon/ubuntu/images/hvm-ssd/ubuntu-focal-20.04-amd64-server-20230517",
            "image_owner_alias": "amazon",
            "image_type": "machine",
            "imds_support": "",
            "include_deprecated": false,
            "kernel_id": "",
            "most_recent": true,
            "name": "ubuntu/images/hvm-ssd/ubuntu-focal-20.04-amd64-server-20230517",
            "name_regex": null,
            "owner_id": "099720109477",
            "owners": [
              "099720109477"
            ],
            "platform": "",
            "platform_details": "Linux/UNIX",
            "product_codes": [],
            "public": true,
            "ramdisk_id": "",
            "root_device_name": "/dev/sda1",
            "root_device_type": "ebs",
            "root_snapshot_id": "snap-0f957c2852921827c",
            "sriov_net_support": "simple",
            "state": "available",
            "state_reason": {
              "code": "UNSET",
              "message": "UNSET"
            },
            "tags": {},
            "timeouts": null,
            "tpm_support": "",
            "usage_operation": "RunInstances",
            "virtualization_type": "hvm"
          },
          "sensitive_attributes": []
        }
      ]
    },
    {
      "mode": "data",
      "type": "aws_availability_zones",
      "name": "available",
      "provider": "provider[\"registry.terraform.io/hashicorp/aws\"]",
      "instances": [
        {
          "schema_version": 0,
          "attributes": {
            "all_availability_zones": null,
            "exclude_names": null,
            "exclude_zone_ids": null,
            "filter": null,
            "group_names": [
              "eu-central-1"
            ],
            "id": "eu-central-1",
            "names": [
              "eu-central-1a",
              "eu-central-1b",
              "eu-central-1c"
            ],
            "state": "available",
            "timeouts": null,
            "zone_ids": [
              "euc1-az2",
              "euc1-az3",
              "euc1-az1"
            ]
          },
          "sensitive_attributes": []
        }
      ]
    },
    {
      "mode": "data",
      "type": "external",
      "name": "myipaddr",
      "provider": "provider[\"registry.terraform.io/hashicorp/external\"]",
      "instances": [
        {
          "schema_version": 0,
          "attributes": {
            "id": "-",
            "program": [
              "bash",
              "-c",
              "curl -s 'https://api.ipify.org?format=json'"
            ],
            "query": null,
            "result": {
              "ip": "147.235.202.118"
            },
            "working_dir": null
          },
          "sensitive_attributes": []
        }
      ]
    },
    {
      "module": "module.compute",
      "mode": "data",
      "type": "template_file",
      "name": "nginx_srv",
      "provider": "provider[\"registry.terraform.io/hashicorp/template\"]",
      "instances": [
        {
          "schema_version": 0,
          "attributes": {
            "filename": null,
            "id": "79139646a552f0d0efbea2b6b538f92d62139efa527b77066c64ec9ebda69913",
            "rendered": "#!/bin/bash\nset -euo pipefail\n\nport=\"8090\"\napt update\napt install -y nginx\n\nufw allow 'Nginx HTTP'\n\n# Uncomplicated Firewall.\n#   Frontend for iptables aiming to make configuration of a firewall easier.\n#   More info: https://wiki.ubuntu.com/UncomplicatedFirewall.\n\nsleep 10\n# /etc/nginx/sites-enabled/default\nsed -i \"s/listen 80 default_server;/listen $port default_server;/g\" /etc/nginx/sites-available/default\nnginx -t\nservice nginx reload\n# systemctl restart nginx.service\n\n# export SRV_IP=`curl -4 icanhazip.com`\n# systemctl start nginx",
            "template": "#!/bin/bash\nset -euo pipefail\n\nport=\"${nginx_port}\"\napt update\napt install -y nginx\n\nufw allow 'Nginx HTTP'\n\n# Uncomplicated Firewall.\n#   Frontend for iptables aiming to make configuration of a firewall easier.\n#   More info: https://wiki.ubuntu.com/UncomplicatedFirewall.\n\nsleep 10\n# /etc/nginx/sites-enabled/default\nsed -i \"s/listen 80 default_server;/listen $port default_server;/g\" /etc/nginx/sites-available/default\nnginx -t\nservice nginx reload\n# systemctl restart nginx.service\n\n# export SRV_IP=`curl -4 icanhazip.com`\n# systemctl start nginx",
            "vars": {
              "nginx_port": "8090"
            }
          },
          "sensitive_attributes": []
        }
      ]
    },
    {
      "module": "module.compute",
      "mode": "managed",
      "type": "aws_elb",
      "name": "ubuntu_lb",
      "provider": "provider[\"registry.terraform.io/hashicorp/aws\"]",
      "instances": [
        {
          "index_key": 0,
          "schema_version": 0,
          "attributes": {
            "access_logs": [],
            "arn": "arn:aws:elasticloadbalancing:eu-central-1:839821061981:loadbalancer/nginxLB",
            "availability_zones": [
              "eu-central-1a",
              "eu-central-1b"
            ],
            "connection_draining": true,
            "connection_draining_timeout": 300,
            "cross_zone_load_balancing": true,
            "desync_mitigation_mode": "defensive",
            "dns_name": "nginxLB-562018167.eu-central-1.elb.amazonaws.com",
            "health_check": [
              {
                "healthy_threshold": 2,
                "interval": 30,
                "target": "HTTP:8090/",
                "timeout": 3,
                "unhealthy_threshold": 2
              }
            ],
            "id": "nginxLB",
            "idle_timeout": 100,
            "instances": [
              "i-046924ec40b1e64dd",
              "i-07d4d9b29754ce87a"
            ],
            "internal": false,
            "listener": [
              {
                "instance_port": 8090,
                "instance_protocol": "TCP",
                "lb_port": 8000,
                "lb_protocol": "TCP",
                "ssl_certificate_id": ""
              }
            ],
            "name": "nginxLB",
            "name_prefix": null,
            "security_groups": [
              "sg-07efc2911bf3b8f8e"
            ],
            "source_security_group": "839821061981/allow ssh and http",
            "source_security_group_id": "sg-07efc2911bf3b8f8e",
            "subnets": [
              "subnet-0c13bd30804cc72d3",
              "subnet-0c743e441efa9b3dc"
            ],
            "tags": {
              "ManagedBy": "terraform",
              "Name": "nginxLB",
              "Owner": "gru minion",
              "bootcamp": "16",
              "expiration_date": "x.x.x"
            },
            "tags_all": {
              "ManagedBy": "terraform",
              "Name": "nginxLB",
              "Owner": "gru minion",
              "bootcamp": "16",
              "expiration_date": "x.x.x"
            },
            "zone_id": "Z215JYRZR1TBD5"
          },
          "sensitive_attributes": [],
          "private": "bnVsbA==",
          "dependencies": [
            "data.aws_availability_zones.available",
            "data.external.myipaddr",
            "module.compute.aws_instance.ubuntu",
            "module.compute.data.template_file.nginx_srv",
            "module.network.aws_security_group.main",
            "module.network.aws_subnet.public",
            "module.network.aws_vpc.main",
            "module.tls.aws_key_pair.generated_key",
            "module.tls.tls_private_key.ssh_private_key"
          ]
        }
      ]
    },
    {
      "module": "module.compute",
      "mode": "managed",
      "type": "aws_instance",
      "name": "ubuntu",
      "provider": "provider[\"registry.terraform.io/hashicorp/aws\"]",
      "instances": [
        {
          "index_key": 0,
          "schema_version": 1,
          "attributes": {
            "ami": "ami-0ec7f9846da6b0f61",
            "arn": "arn:aws:ec2:eu-central-1:839821061981:instance/i-046924ec40b1e64dd",
            "associate_public_ip_address": true,
            "availability_zone": "eu-central-1a",
            "capacity_reservation_specification": [
              {
                "capacity_reservation_preference": "open",
                "capacity_reservation_target": []
              }
            ],
            "cpu_core_count": 1,
            "cpu_options": [
              {
                "amd_sev_snp": "",
                "core_count": 1,
                "threads_per_core": 1
              }
            ],
            "cpu_threads_per_core": 1,
            "credit_specification": [
              {
                "cpu_credits": "standard"
              }
            ],
            "disable_api_stop": false,
            "disable_api_termination": false,
            "ebs_block_device": [],
            "ebs_optimized": false,
            "enclave_options": [
              {
                "enabled": false
              }
            ],
            "ephemeral_block_device": [],
            "get_password_data": false,
            "hibernation": false,
            "host_id": "",
            "host_resource_group_arn": null,
            "iam_instance_profile": "",
            "id": "i-046924ec40b1e64dd",
            "instance_initiated_shutdown_behavior": "stop",
            "instance_state": "running",
            "instance_type": "t2.micro",
            "ipv6_address_count": 0,
            "ipv6_addresses": [],
            "key_name": "kp-one",
            "launch_template": [],
            "maintenance_options": [
              {
                "auto_recovery": "default"
              }
            ],
            "metadata_options": [
              {
                "http_endpoint": "enabled",
                "http_put_response_hop_limit": 1,
                "http_tokens": "optional",
                "instance_metadata_tags": "disabled"
              }
            ],
            "monitoring": false,
            "network_interface": [],
            "outpost_arn": "",
            "password_data": "",
            "placement_group": "",
            "placement_partition_number": 0,
            "primary_network_interface_id": "eni-0138259605ff3350a",
            "private_dns": "ip-10-0-8-237.eu-central-1.compute.internal",
            "private_dns_name_options": [
              {
                "enable_resource_name_dns_a_record": false,
                "enable_resource_name_dns_aaaa_record": false,
                "hostname_type": "ip-name"
              }
            ],
            "private_ip": "10.0.8.237",
            "public_dns": "ec2-18-192-213-159.eu-central-1.compute.amazonaws.com",
            "public_ip": "18.192.213.159",
            "root_block_device": [
              {
                "delete_on_termination": true,
                "device_name": "/dev/sda1",
                "encrypted": false,
                "iops": 100,
                "kms_key_id": "",
                "tags": {},
                "throughput": 0,
                "volume_id": "vol-05ec17077e705be47",
                "volume_size": 8,
                "volume_type": "gp2"
              }
            ],
            "secondary_private_ips": [],
            "security_groups": [],
            "source_dest_check": true,
            "subnet_id": "subnet-0c743e441efa9b3dc",
            "tags": {
              "ManagedBy": "terraform",
              "Name": "ubuntu-0",
              "Owner": "gru minion",
              "bootcamp": "16",
              "expiration_date": "x.x.x"
            },
            "tags_all": {
              "ManagedBy": "terraform",
              "Name": "ubuntu-0",
              "Owner": "gru minion",
              "bootcamp": "16",
              "expiration_date": "x.x.x"
            },
            "tenancy": "default",
            "timeouts": null,
            "user_data": "ee3b16ab60abd799c729fac9ac79d510c95e2758",
            "user_data_base64": null,
            "user_data_replace_on_change": false,
            "volume_tags": null,
            "vpc_security_group_ids": [
              "sg-07efc2911bf3b8f8e"
            ]
          },
          "sensitive_attributes": [],
          "private": "eyJlMmJmYjczMC1lY2FhLTExZTYtOGY4OC0zNDM2M2JjN2M0YzAiOnsiY3JlYXRlIjo2MDAwMDAwMDAwMDAsImRlbGV0ZSI6MTIwMDAwMDAwMDAwMCwidXBkYXRlIjo2MDAwMDAwMDAwMDB9LCJzY2hlbWFfdmVyc2lvbiI6IjEifQ==",
          "dependencies": [
            "data.aws_availability_zones.available",
            "data.external.myipaddr",
            "module.compute.data.template_file.nginx_srv",
            "module.network.aws_security_group.main",
            "module.network.aws_subnet.public",
            "module.network.aws_vpc.main",
            "module.tls.aws_key_pair.generated_key",
            "module.tls.tls_private_key.ssh_private_key"
          ]
        },
        {
          "index_key": 1,
          "schema_version": 1,
          "attributes": {
            "ami": "ami-0ec7f9846da6b0f61",
            "arn": "arn:aws:ec2:eu-central-1:839821061981:instance/i-07d4d9b29754ce87a",
            "associate_public_ip_address": true,
            "availability_zone": "eu-central-1b",
            "capacity_reservation_specification": [
              {
                "capacity_reservation_preference": "open",
                "capacity_reservation_target": []
              }
            ],
            "cpu_core_count": 1,
            "cpu_options": [
              {
                "amd_sev_snp": "",
                "core_count": 1,
                "threads_per_core": 1
              }
            ],
            "cpu_threads_per_core": 1,
            "credit_specification": [
              {
                "cpu_credits": "standard"
              }
            ],
            "disable_api_stop": false,
            "disable_api_termination": false,
            "ebs_block_device": [],
            "ebs_optimized": false,
            "enclave_options": [
              {
                "enabled": false
              }
            ],
            "ephemeral_block_device": [],
            "get_password_data": false,
            "hibernation": false,
            "host_id": "",
            "host_resource_group_arn": null,
            "iam_instance_profile": "",
            "id": "i-07d4d9b29754ce87a",
            "instance_initiated_shutdown_behavior": "stop",
            "instance_state": "running",
            "instance_type": "t2.micro",
            "ipv6_address_count": 0,
            "ipv6_addresses": [],
            "key_name": "kp-one",
            "launch_template": [],
            "maintenance_options": [
              {
                "auto_recovery": "default"
              }
            ],
            "metadata_options": [
              {
                "http_endpoint": "enabled",
                "http_put_response_hop_limit": 1,
                "http_tokens": "optional",
                "instance_metadata_tags": "disabled"
              }
            ],
            "monitoring": false,
            "network_interface": [],
            "outpost_arn": "",
            "password_data": "",
            "placement_group": "",
            "placement_partition_number": 0,
            "primary_network_interface_id": "eni-0273f83a3bc6badad",
            "private_dns": "ip-10-0-27-6.eu-central-1.compute.internal",
            "private_dns_name_options": [
              {
                "enable_resource_name_dns_a_record": false,
                "enable_resource_name_dns_aaaa_record": false,
                "hostname_type": "ip-name"
              }
            ],
            "private_ip": "10.0.27.6",
            "public_dns": "ec2-3-120-131-223.eu-central-1.compute.amazonaws.com",
            "public_ip": "3.120.131.223",
            "root_block_device": [
              {
                "delete_on_termination": true,
                "device_name": "/dev/sda1",
                "encrypted": false,
                "iops": 100,
                "kms_key_id": "",
                "tags": {},
                "throughput": 0,
                "volume_id": "vol-004db81e8097b255f",
                "volume_size": 8,
                "volume_type": "gp2"
              }
            ],
            "secondary_private_ips": [],
            "security_groups": [],
            "source_dest_check": true,
            "subnet_id": "subnet-0c13bd30804cc72d3",
            "tags": {
              "ManagedBy": "terraform",
              "Name": "ubuntu-1",
              "Owner": "gru minion",
              "bootcamp": "16",
              "expiration_date": "x.x.x"
            },
            "tags_all": {
              "ManagedBy": "terraform",
              "Name": "ubuntu-1",
              "Owner": "gru minion",
              "bootcamp": "16",
              "expiration_date": "x.x.x"
            },
            "tenancy": "default",
            "timeouts": null,
            "user_data": "ee3b16ab60abd799c729fac9ac79d510c95e2758",
            "user_data_base64": null,
            "user_data_replace_on_change": false,
            "volume_tags": null,
            "vpc_security_group_ids": [
              "sg-07efc2911bf3b8f8e"
            ]
          },
          "sensitive_attributes": [],
          "private": "eyJlMmJmYjczMC1lY2FhLTExZTYtOGY4OC0zNDM2M2JjN2M0YzAiOnsiY3JlYXRlIjo2MDAwMDAwMDAwMDAsImRlbGV0ZSI6MTIwMDAwMDAwMDAwMCwidXBkYXRlIjo2MDAwMDAwMDAwMDB9LCJzY2hlbWFfdmVyc2lvbiI6IjEifQ==",
          "dependencies": [
            "data.aws_availability_zones.available",
            "data.external.myipaddr",
            "module.compute.data.template_file.nginx_srv",
            "module.network.aws_security_group.main",
            "module.network.aws_subnet.public",
            "module.network.aws_vpc.main",
            "module.tls.aws_key_pair.generated_key",
            "module.tls.tls_private_key.ssh_private_key"
          ]
        }
      ]
    },
    {
      "module": "module.network",
      "mode": "managed",
      "type": "aws_internet_gateway",
      "name": "gw",
      "provider": "provider[\"registry.terraform.io/hashicorp/aws\"]",
      "instances": [
        {
          "schema_version": 0,
          "attributes": {
            "arn": "arn:aws:ec2:eu-central-1:839821061981:internet-gateway/igw-0eed740924b47de34",
            "id": "igw-0eed740924b47de34",
            "owner_id": "839821061981",
            "tags": {
              "ManagedBy": "terraform",
              "Name": "main_gw",
              "Owner": "gru minion",
              "bootcamp": "16",
              "expiration_date": "x.x.x"
            },
            "tags_all": {
              "ManagedBy": "terraform",
              "Name": "main_gw",
              "Owner": "gru minion",
              "bootcamp": "16",
              "expiration_date": "x.x.x"
            },
            "timeouts": null,
            "vpc_id": "vpc-026a3ce569a574244"
          },
          "sensitive_attributes": [],
          "private": "eyJlMmJmYjczMC1lY2FhLTExZTYtOGY4OC0zNDM2M2JjN2M0YzAiOnsiY3JlYXRlIjoxMjAwMDAwMDAwMDAwLCJkZWxldGUiOjEyMDAwMDAwMDAwMDAsInVwZGF0ZSI6MTIwMDAwMDAwMDAwMH19",
          "dependencies": [
            "module.network.aws_vpc.main",
            "module.tls.aws_key_pair.generated_key",
            "module.tls.tls_private_key.ssh_private_key"
          ]
        }
      ]
    },
    {
      "module": "module.network",
      "mode": "managed",
      "type": "aws_main_route_table_association",
      "name": "main",
      "provider": "provider[\"registry.terraform.io/hashicorp/aws\"]",
      "instances": [
        {
          "schema_version": 0,
          "attributes": {
            "id": "rtbassoc-0df2aecc6c9be8122",
            "original_route_table_id": "rtb-02e11c7528d3479e8",
            "route_table_id": "rtb-06c5b1c70575bef37",
            "timeouts": null,
            "vpc_id": "vpc-026a3ce569a574244"
          },
          "sensitive_attributes": [],
          "private": "eyJlMmJmYjczMC1lY2FhLTExZTYtOGY4OC0zNDM2M2JjN2M0YzAiOnsiY3JlYXRlIjozMDAwMDAwMDAwMDAsImRlbGV0ZSI6MzAwMDAwMDAwMDAwLCJ1cGRhdGUiOjEyMDAwMDAwMDAwMH19",
          "dependencies": [
            "module.network.aws_internet_gateway.gw",
            "module.network.aws_route_table.main",
            "module.network.aws_vpc.main",
            "module.tls.aws_key_pair.generated_key",
            "module.tls.tls_private_key.ssh_private_key"
          ]
        }
      ]
    },
    {
      "module": "module.network",
      "mode": "managed",
      "type": "aws_route_table",
      "name": "main",
      "provider": "provider[\"registry.terraform.io/hashicorp/aws\"]",
      "instances": [
        {
          "schema_version": 0,
          "attributes": {
            "arn": "arn:aws:ec2:eu-central-1:839821061981:route-table/rtb-06c5b1c70575bef37",
            "id": "rtb-06c5b1c70575bef37",
            "owner_id": "839821061981",
            "propagating_vgws": [],
            "route": [
              {
                "carrier_gateway_id": "",
                "cidr_block": "0.0.0.0/0",
                "core_network_arn": "",
                "destination_prefix_list_id": "",
                "egress_only_gateway_id": "",
                "gateway_id": "igw-0eed740924b47de34",
                "instance_id": "",
                "ipv6_cidr_block": "",
                "local_gateway_id": "",
                "nat_gateway_id": "",
                "network_interface_id": "",
                "transit_gateway_id": "",
                "vpc_endpoint_id": "",
                "vpc_peering_connection_id": ""
              }
            ],
            "tags": {
              "ManagedBy": "terraform",
              "Name": "main_rt",
              "Owner": "gru minion",
              "bootcamp": "16",
              "expiration_date": "x.x.x"
            },
            "tags_all": {
              "ManagedBy": "terraform",
              "Name": "main_rt",
              "Owner": "gru minion",
              "bootcamp": "16",
              "expiration_date": "x.x.x"
            },
            "timeouts": null,
            "vpc_id": "vpc-026a3ce569a574244"
          },
          "sensitive_attributes": [],
          "private": "eyJlMmJmYjczMC1lY2FhLTExZTYtOGY4OC0zNDM2M2JjN2M0YzAiOnsiY3JlYXRlIjozMDAwMDAwMDAwMDAsImRlbGV0ZSI6MzAwMDAwMDAwMDAwLCJ1cGRhdGUiOjEyMDAwMDAwMDAwMH19",
          "dependencies": [
            "module.network.aws_internet_gateway.gw",
            "module.network.aws_vpc.main",
            "module.tls.aws_key_pair.generated_key",
            "module.tls.tls_private_key.ssh_private_key"
          ]
        }
      ]
    },
    {
      "module": "module.network",
      "mode": "managed",
      "type": "aws_route_table_association",
      "name": "a",
      "provider": "provider[\"registry.terraform.io/hashicorp/aws\"]",
      "instances": [
        {
          "index_key": 0,
          "schema_version": 0,
          "attributes": {
            "gateway_id": "",
            "id": "rtbassoc-09640602aaf09d9e9",
            "route_table_id": "rtb-06c5b1c70575bef37",
            "subnet_id": "subnet-0c743e441efa9b3dc",
            "timeouts": null
          },
          "sensitive_attributes": [],
          "private": "eyJlMmJmYjczMC1lY2FhLTExZTYtOGY4OC0zNDM2M2JjN2M0YzAiOnsiY3JlYXRlIjozMDAwMDAwMDAwMDAsImRlbGV0ZSI6MzAwMDAwMDAwMDAwLCJ1cGRhdGUiOjEyMDAwMDAwMDAwMH19",
          "dependencies": [
            "data.aws_availability_zones.available",
            "module.network.aws_internet_gateway.gw",
            "module.network.aws_route_table.main",
            "module.network.aws_subnet.public",
            "module.network.aws_vpc.main",
            "module.tls.aws_key_pair.generated_key",
            "module.tls.tls_private_key.ssh_private_key"
          ]
        },
        {
          "index_key": 1,
          "schema_version": 0,
          "attributes": {
            "gateway_id": "",
            "id": "rtbassoc-037cec121453ed44a",
            "route_table_id": "rtb-06c5b1c70575bef37",
            "subnet_id": "subnet-0c13bd30804cc72d3",
            "timeouts": null
          },
          "sensitive_attributes": [],
          "private": "eyJlMmJmYjczMC1lY2FhLTExZTYtOGY4OC0zNDM2M2JjN2M0YzAiOnsiY3JlYXRlIjozMDAwMDAwMDAwMDAsImRlbGV0ZSI6MzAwMDAwMDAwMDAwLCJ1cGRhdGUiOjEyMDAwMDAwMDAwMH19",
          "dependencies": [
            "data.aws_availability_zones.available",
            "module.network.aws_internet_gateway.gw",
            "module.network.aws_route_table.main",
            "module.network.aws_subnet.public",
            "module.network.aws_vpc.main",
            "module.tls.aws_key_pair.generated_key",
            "module.tls.tls_private_key.ssh_private_key"
          ]
        }
      ]
    },
    {
      "module": "module.network",
      "mode": "managed",
      "type": "aws_security_group",
      "name": "main",
      "provider": "provider[\"registry.terraform.io/hashicorp/aws\"]",
      "instances": [
        {
          "schema_version": 1,
          "attributes": {
            "arn": "arn:aws:ec2:eu-central-1:839821061981:security-group/sg-07efc2911bf3b8f8e",
            "description": "SSH on port 22 and HTTP on port 80",
            "egress": [
              {
                "cidr_blocks": [
                  "0.0.0.0/0"
                ],
                "description": "",
                "from_port": 0,
                "ipv6_cidr_blocks": [],
                "prefix_list_ids": [],
                "protocol": "-1",
                "security_groups": [],
                "self": false,
                "to_port": 0
              }
            ],
            "id": "sg-07efc2911bf3b8f8e",
            "ingress": [
              {
                "cidr_blocks": [
                  "0.0.0.0/0"
                ],
                "description": "allow ssh to instances",
                "from_port": 22,
                "ipv6_cidr_blocks": [],
                "prefix_list_ids": [],
                "protocol": "tcp",
                "security_groups": [],
                "self": false,
                "to_port": 22
              },
              {
                "cidr_blocks": [
                  "0.0.0.0/0"
                ],
                "description": "for elb access to instances",
                "from_port": 8090,
                "ipv6_cidr_blocks": [],
                "prefix_list_ids": [],
                "protocol": "tcp",
                "security_groups": [],
                "self": false,
                "to_port": 8090
              },
              {
                "cidr_blocks": [
                  "147.235.202.118/32"
                ],
                "description": "allow all traffic to instances \u0026 elb from user local machine",
                "from_port": 0,
                "ipv6_cidr_blocks": [],
                "prefix_list_ids": [],
                "protocol": "-1",
                "security_groups": [],
                "self": false,
                "to_port": 0
              }
            ],
            "name": "allow ssh and http",
            "name_prefix": "",
            "owner_id": "839821061981",
            "revoke_rules_on_delete": false,
            "tags": null,
            "tags_all": {},
            "timeouts": null,
            "vpc_id": "vpc-026a3ce569a574244"
          },
          "sensitive_attributes": [],
          "private": "eyJlMmJmYjczMC1lY2FhLTExZTYtOGY4OC0zNDM2M2JjN2M0YzAiOnsiY3JlYXRlIjo2MDAwMDAwMDAwMDAsImRlbGV0ZSI6OTAwMDAwMDAwMDAwfSwic2NoZW1hX3ZlcnNpb24iOiIxIn0=",
          "dependencies": [
            "data.external.myipaddr",
            "module.network.aws_vpc.main",
            "module.tls.aws_key_pair.generated_key",
            "module.tls.tls_private_key.ssh_private_key"
          ]
        }
      ]
    },
    {
      "module": "module.network",
      "mode": "managed",
      "type": "aws_subnet",
      "name": "private",
      "provider": "provider[\"registry.terraform.io/hashicorp/aws\"]",
      "instances": [
        {
          "index_key": 0,
          "schema_version": 1,
          "attributes": {
            "arn": "arn:aws:ec2:eu-central-1:839821061981:subnet/subnet-0075f37000edb5aaf",
            "assign_ipv6_address_on_creation": false,
            "availability_zone": "eu-central-1a",
            "availability_zone_id": "euc1-az2",
            "cidr_block": "10.0.32.0/20",
            "customer_owned_ipv4_pool": "",
            "enable_dns64": false,
            "enable_lni_at_device_index": 0,
            "enable_resource_name_dns_a_record_on_launch": false,
            "enable_resource_name_dns_aaaa_record_on_launch": false,
            "id": "subnet-0075f37000edb5aaf",
            "ipv6_cidr_block": "",
            "ipv6_cidr_block_association_id": "",
            "ipv6_native": false,
            "map_customer_owned_ip_on_launch": false,
            "map_public_ip_on_launch": false,
            "outpost_arn": "",
            "owner_id": "839821061981",
            "private_dns_hostname_type_on_launch": "ip-name",
            "tags": {
              "ManagedBy": "terraform",
              "Name": "private_sb0",
              "Owner": "gru minion",
              "bootcamp": "16",
              "expiration_date": "x.x.x"
            },
            "tags_all": {
              "ManagedBy": "terraform",
              "Name": "private_sb0",
              "Owner": "gru minion",
              "bootcamp": "16",
              "expiration_date": "x.x.x"
            },
            "timeouts": null,
            "vpc_id": "vpc-026a3ce569a574244"
          },
          "sensitive_attributes": [],
          "private": "eyJlMmJmYjczMC1lY2FhLTExZTYtOGY4OC0zNDM2M2JjN2M0YzAiOnsiY3JlYXRlIjo2MDAwMDAwMDAwMDAsImRlbGV0ZSI6MTIwMDAwMDAwMDAwMH0sInNjaGVtYV92ZXJzaW9uIjoiMSJ9",
          "dependencies": [
            "data.aws_availability_zones.available",
            "module.network.aws_subnet.public",
            "module.network.aws_vpc.main",
            "module.tls.aws_key_pair.generated_key",
            "module.tls.tls_private_key.ssh_private_key"
          ]
        },
        {
          "index_key": 1,
          "schema_version": 1,
          "attributes": {
            "arn": "arn:aws:ec2:eu-central-1:839821061981:subnet/subnet-0d9f485d48f5aa372",
            "assign_ipv6_address_on_creation": false,
            "availability_zone": "eu-central-1b",
            "availability_zone_id": "euc1-az3",
            "cidr_block": "10.0.48.0/20",
            "customer_owned_ipv4_pool": "",
            "enable_dns64": false,
            "enable_lni_at_device_index": 0,
            "enable_resource_name_dns_a_record_on_launch": false,
            "enable_resource_name_dns_aaaa_record_on_launch": false,
            "id": "subnet-0d9f485d48f5aa372",
            "ipv6_cidr_block": "",
            "ipv6_cidr_block_association_id": "",
            "ipv6_native": false,
            "map_customer_owned_ip_on_launch": false,
            "map_public_ip_on_launch": false,
            "outpost_arn": "",
            "owner_id": "839821061981",
            "private_dns_hostname_type_on_launch": "ip-name",
            "tags": {
              "ManagedBy": "terraform",
              "Name": "private_sb1",
              "Owner": "gru minion",
              "bootcamp": "16",
              "expiration_date": "x.x.x"
            },
            "tags_all": {
              "ManagedBy": "terraform",
              "Name": "private_sb1",
              "Owner": "gru minion",
              "bootcamp": "16",
              "expiration_date": "x.x.x"
            },
            "timeouts": null,
            "vpc_id": "vpc-026a3ce569a574244"
          },
          "sensitive_attributes": [],
          "private": "eyJlMmJmYjczMC1lY2FhLTExZTYtOGY4OC0zNDM2M2JjN2M0YzAiOnsiY3JlYXRlIjo2MDAwMDAwMDAwMDAsImRlbGV0ZSI6MTIwMDAwMDAwMDAwMH0sInNjaGVtYV92ZXJzaW9uIjoiMSJ9",
          "dependencies": [
            "data.aws_availability_zones.available",
            "module.network.aws_subnet.public",
            "module.network.aws_vpc.main",
            "module.tls.aws_key_pair.generated_key",
            "module.tls.tls_private_key.ssh_private_key"
          ]
        }
      ]
    },
    {
      "module": "module.network",
      "mode": "managed",
      "type": "aws_subnet",
      "name": "public",
      "provider": "provider[\"registry.terraform.io/hashicorp/aws\"]",
      "instances": [
        {
          "index_key": 0,
          "schema_version": 1,
          "attributes": {
            "arn": "arn:aws:ec2:eu-central-1:839821061981:subnet/subnet-0c743e441efa9b3dc",
            "assign_ipv6_address_on_creation": false,
            "availability_zone": "eu-central-1a",
            "availability_zone_id": "euc1-az2",
            "cidr_block": "10.0.0.0/20",
            "customer_owned_ipv4_pool": "",
            "enable_dns64": false,
            "enable_lni_at_device_index": 0,
            "enable_resource_name_dns_a_record_on_launch": false,
            "enable_resource_name_dns_aaaa_record_on_launch": false,
            "id": "subnet-0c743e441efa9b3dc",
            "ipv6_cidr_block": "",
            "ipv6_cidr_block_association_id": "",
            "ipv6_native": false,
            "map_customer_owned_ip_on_launch": false,
            "map_public_ip_on_launch": true,
            "outpost_arn": "",
            "owner_id": "839821061981",
            "private_dns_hostname_type_on_launch": "ip-name",
            "tags": {
              "ManagedBy": "terraform",
              "Name": "public_sb0",
              "Owner": "gru minion",
              "bootcamp": "16",
              "expiration_date": "x.x.x"
            },
            "tags_all": {
              "ManagedBy": "terraform",
              "Name": "public_sb0",
              "Owner": "gru minion",
              "bootcamp": "16",
              "expiration_date": "x.x.x"
            },
            "timeouts": null,
            "vpc_id": "vpc-026a3ce569a574244"
          },
          "sensitive_attributes": [],
          "private": "eyJlMmJmYjczMC1lY2FhLTExZTYtOGY4OC0zNDM2M2JjN2M0YzAiOnsiY3JlYXRlIjo2MDAwMDAwMDAwMDAsImRlbGV0ZSI6MTIwMDAwMDAwMDAwMH0sInNjaGVtYV92ZXJzaW9uIjoiMSJ9",
          "dependencies": [
            "data.aws_availability_zones.available",
            "module.network.aws_vpc.main",
            "module.tls.aws_key_pair.generated_key",
            "module.tls.tls_private_key.ssh_private_key"
          ]
        },
        {
          "index_key": 1,
          "schema_version": 1,
          "attributes": {
            "arn": "arn:aws:ec2:eu-central-1:839821061981:subnet/subnet-0c13bd30804cc72d3",
            "assign_ipv6_address_on_creation": false,
            "availability_zone": "eu-central-1b",
            "availability_zone_id": "euc1-az3",
            "cidr_block": "10.0.16.0/20",
            "customer_owned_ipv4_pool": "",
            "enable_dns64": false,
            "enable_lni_at_device_index": 0,
            "enable_resource_name_dns_a_record_on_launch": false,
            "enable_resource_name_dns_aaaa_record_on_launch": false,
            "id": "subnet-0c13bd30804cc72d3",
            "ipv6_cidr_block": "",
            "ipv6_cidr_block_association_id": "",
            "ipv6_native": false,
            "map_customer_owned_ip_on_launch": false,
            "map_public_ip_on_launch": true,
            "outpost_arn": "",
            "owner_id": "839821061981",
            "private_dns_hostname_type_on_launch": "ip-name",
            "tags": {
              "ManagedBy": "terraform",
              "Name": "public_sb1",
              "Owner": "gru minion",
              "bootcamp": "16",
              "expiration_date": "x.x.x"
            },
            "tags_all": {
              "ManagedBy": "terraform",
              "Name": "public_sb1",
              "Owner": "gru minion",
              "bootcamp": "16",
              "expiration_date": "x.x.x"
            },
            "timeouts": null,
            "vpc_id": "vpc-026a3ce569a574244"
          },
          "sensitive_attributes": [],
          "private": "eyJlMmJmYjczMC1lY2FhLTExZTYtOGY4OC0zNDM2M2JjN2M0YzAiOnsiY3JlYXRlIjo2MDAwMDAwMDAwMDAsImRlbGV0ZSI6MTIwMDAwMDAwMDAwMH0sInNjaGVtYV92ZXJzaW9uIjoiMSJ9",
          "dependencies": [
            "data.aws_availability_zones.available",
            "module.network.aws_vpc.main",
            "module.tls.aws_key_pair.generated_key",
            "module.tls.tls_private_key.ssh_private_key"
          ]
        }
      ]
    },
    {
      "module": "module.network",
      "mode": "managed",
      "type": "aws_vpc",
      "name": "main",
      "provider": "provider[\"registry.terraform.io/hashicorp/aws\"]",
      "instances": [
        {
          "schema_version": 1,
          "attributes": {
            "arn": "arn:aws:ec2:eu-central-1:839821061981:vpc/vpc-026a3ce569a574244",
            "assign_generated_ipv6_cidr_block": false,
            "cidr_block": "10.0.0.0/16",
            "default_network_acl_id": "acl-02e39e1e50ba0bd46",
            "default_route_table_id": "rtb-02e11c7528d3479e8",
            "default_security_group_id": "sg-02f32b4fc66ea4bde",
            "dhcp_options_id": "dopt-0313a64657c4e833a",
            "enable_classiclink": false,
            "enable_classiclink_dns_support": false,
            "enable_dns_hostnames": true,
            "enable_dns_support": true,
            "enable_network_address_usage_metrics": false,
            "id": "vpc-026a3ce569a574244",
            "instance_tenancy": "default",
            "ipv4_ipam_pool_id": null,
            "ipv4_netmask_length": null,
            "ipv6_association_id": "",
            "ipv6_cidr_block": "",
            "ipv6_cidr_block_network_border_group": "",
            "ipv6_ipam_pool_id": "",
            "ipv6_netmask_length": 0,
            "main_route_table_id": "rtb-02e11c7528d3479e8",
            "owner_id": "839821061981",
            "tags": {
              "ManagedBy": "terraform",
              "Name": "vpc-1",
              "Owner": "gru minion",
              "bootcamp": "16",
              "expiration_date": "x.x.x"
            },
            "tags_all": {
              "ManagedBy": "terraform",
              "Name": "vpc-1",
              "Owner": "gru minion",
              "bootcamp": "16",
              "expiration_date": "x.x.x"
            }
          },
          "sensitive_attributes": [],
          "private": "eyJzY2hlbWFfdmVyc2lvbiI6IjEifQ==",
          "dependencies": [
            "module.tls.aws_key_pair.generated_key",
            "module.tls.tls_private_key.ssh_private_key"
          ]
        }
      ]
    },
    {
      "module": "module.tls",
      "mode": "managed",
      "type": "aws_key_pair",
      "name": "generated_key",
      "provider": "provider[\"registry.terraform.io/hashicorp/aws\"]",
      "instances": [
        {
          "schema_version": 1,
          "attributes": {
            "arn": "arn:aws:ec2:eu-central-1:839821061981:key-pair/kp-one",
            "fingerprint": "6e:d3:01:74:0f:8c:34:38:17:12:85:6f:20:0a:1d:5a",
            "id": "kp-one",
            "key_name": "kp-one",
            "key_name_prefix": "",
            "key_pair_id": "key-0acc7a3fc3e22fdf2",
            "key_type": "rsa",
            "public_key": "ssh-rsa AAAAB3NzaC1yc2EAAAADAQABAAACAQCvGVNUWRgA1xyoXaSxx0QwMuM2kzTttvQ2Uh+Oo3h2BLbTg6vqAmYxXyfKoyziRo8ccR5cp7WWKhPiaTTdmrlRrGnbAgEy9dPExmFHLXjyvPWtIr0WZ5Oi/8D9l9sXvkaXJJObo5w0ZTB6fgDNGO9rkGaXIpg8OFd0xxX1Lfu11moz4SCDR2aGj07SQwrp9CdmTgBgH8SvN22jGkOOXdtNIi6xyFGxYwSNJ3A8/AQLWt6TZI/zbPZ/q14ZMt6dCOnwUmuqIJtHQeXdSe0UjF4s5Hrd2tEFYEZMPEp5ZLHtEVg5Fk1KRjdY7rVldWy7VIVepaXjZ1jqXY1xYAe7myHkKtTcptoaJdMReQVeO80gpL+9k/A8L3gCTrMC7w5z2Hna0GBkswrYtTpa4s5W275RZlu2cvytl6mwye5XwbWolgyY7EbYL/Hv32ediaOI1Jv2agD4kycATWGhquOGzEwUfZDAX8nc8Lq1FxQxENDiYtgFTkifeAnym6ow7wUaz1VFTU9qV6RLTLbm+Ex9xc19RCNX04tJOZBOuCNz13QEMdXVMfEn5upCEVX7GSRCyybSk2PAYIhzq/xwxayVsFH35acr/byBn+23j5obH6bmQIocQZNfVsnPUJVhoCgPdLqVmRl+nKMFKfiRKKLJn+GLk9OWWh+YdP0UR6G88nnbgQ==",
            "tags": null,
            "tags_all": {}
          },
          "sensitive_attributes": [],
          "private": "eyJzY2hlbWFfdmVyc2lvbiI6IjEifQ==",
          "dependencies": [
            "module.tls.tls_private_key.ssh_private_key"
          ]
        }
      ]
    },
    {
      "module": "module.tls",
      "mode": "managed",
      "type": "tls_private_key",
      "name": "ssh_private_key",
      "provider": "provider[\"registry.terraform.io/hashicorp/tls\"]",
      "instances": [
        {
          "schema_version": 1,
          "attributes": {
            "algorithm": "RSA",
            "ecdsa_curve": "P224",
            "id": "6574ef46a3bd7dce3e17b4ad0d0077793d578602",
            "private_key_openssh": "-----BEGIN OPENSSH PRIVATE KEY-----\nb3BlbnNzaC1rZXktdjEAAAAABG5vbmUAAAAEbm9uZQAAAAAAAAABAAACFwAAAAdz\nc2gtcnNhAAAAAwEAAQAAAgEArxlTVFkYANccqF2kscdEMDLjNpM07bb0NlIfjqN4\ndgS204Or6gJmMV8nyqMs4kaPHHEeXKe1lioT4mk03Zq5Uaxp2wIBMvXTxMZhRy14\n8rz1rSK9FmeTov/A/ZfbF75GlySTm6OcNGUwen4AzRjva5BmlyKYPDhXdMcV9S37\ntdZqM+Egg0dmho9O0kMK6fQnZk4AYB/ErzdtoxpDjl3bTSIuschRsWMEjSdwPPwE\nC1rek2SP82z2f6teGTLenQjp8FJrqiCbR0Hl3UntFIxeLOR63drRBWBGTDxKeWSx\n7RFYORZNSkY3WO61ZXVsu1SFXqWl42dY6l2NcWAHu5sh5CrU3KbaGiXTEXkFXjvN\nIKS/vZPwPC94Ak6zAu8Oc9h52tBgZLMK2LU6WuLOVtu+UWZbtnL8rZepsMnuV8G1\nqJYMmOxG2C/x799nnYmjiNSb9moA+JMnAE1hoarjhsxMFH2QwF/J3PC6tRcUMRDQ\n4mLYBU5In3gJ8puqMO8FGs9VRU1PalekS0y25vhMfcXNfUQjV9OLSTmQTrgjc9d0\nBDHV1THxJ+bqQhFV+xkkQssm0pNjwGCIc6v8cMWslbBR9+WnK/28gZ/tt4+aGx+m\n5kCKHEGTX1bJz1CVYaAoD3S6lZkZfpyjBSn4kSiiyZ/hi5PTllofmHT9FEehvPJ5\n24EAAAc47+49IO/uPSAAAAAHc3NoLXJzYQAAAgEArxlTVFkYANccqF2kscdEMDLj\nNpM07bb0NlIfjqN4dgS204Or6gJmMV8nyqMs4kaPHHEeXKe1lioT4mk03Zq5Uaxp\n2wIBMvXTxMZhRy148rz1rSK9FmeTov/A/ZfbF75GlySTm6OcNGUwen4AzRjva5Bm\nlyKYPDhXdMcV9S37tdZqM+Egg0dmho9O0kMK6fQnZk4AYB/ErzdtoxpDjl3bTSIu\nschRsWMEjSdwPPwEC1rek2SP82z2f6teGTLenQjp8FJrqiCbR0Hl3UntFIxeLOR6\n3drRBWBGTDxKeWSx7RFYORZNSkY3WO61ZXVsu1SFXqWl42dY6l2NcWAHu5sh5CrU\n3KbaGiXTEXkFXjvNIKS/vZPwPC94Ak6zAu8Oc9h52tBgZLMK2LU6WuLOVtu+UWZb\ntnL8rZepsMnuV8G1qJYMmOxG2C/x799nnYmjiNSb9moA+JMnAE1hoarjhsxMFH2Q\nwF/J3PC6tRcUMRDQ4mLYBU5In3gJ8puqMO8FGs9VRU1PalekS0y25vhMfcXNfUQj\nV9OLSTmQTrgjc9d0BDHV1THxJ+bqQhFV+xkkQssm0pNjwGCIc6v8cMWslbBR9+Wn\nK/28gZ/tt4+aGx+m5kCKHEGTX1bJz1CVYaAoD3S6lZkZfpyjBSn4kSiiyZ/hi5PT\nllofmHT9FEehvPJ524EAAAADAQABAAACAQCMrGASJ/Hs2uWfLnyeh2T1BC0fL20a\nfh39dkT8J8Ejr+3iSKrZOkw35ibl2eq5b86SHx8xeVud5PhMshFS6Hdycn4pAZdN\nBcq5EFgfAx1khwMpsfsQAO7PyYGXO2U90hSMYUplhDB+t70W7BxgqmPPmxeQ3K5J\n00oP+9JcRDExia2ROJESZ06rVH8S1eHyy8DLpGcQ0vUFgBaJLxSPUEBb29Z/5lwb\nk12YudKmbCIjrUGcUPKFs0jmkRrsS74lk3+/H7h32fJmcT7nZfkexRb0IivECYRc\nOVjA7r82f/uiZojmdFBsF7VnsX/yn0BX0DPGMnbwF5uLztVP/MK5qoyymoEkMxlD\nK3jCNpwfGO2QEL/8GKuwY+0cafvFEfxIxuGR7wlviZoQMLmOFmbxXBb4Y1pSjrTQ\nal6Jvyuta5ol5IA7paL4mCg/EYGmMvHhp146MV/t3VUhQ5YzxW4Sh1+zyTP6U5zi\nHQLNhy4dd1trITVcubDUOtnSSe8WWUDhFR7fTJRRouRh/pDEiITQf4nap4Iok9w5\n+1l/h3AmkrfjXzcNg0OurPtqsCmMHeFktaNG99HHuZ4O4N9i7+IrZa/CuCrZGFYb\nNoqZcNGKc/cp20LP806tAAOEgy7ezIfjG9pvpSmHmgMV0omIO1qzb3diF66M0L0F\no2j0TjiyKI4IcQAAAQBb+5N1n00NxJ58v/cHoIZWBq9Wcsud/NBKm0JfsHZZV4Tm\neBEfKYJZq+O6cL/oz/93k/TnW2t9HFIdZV8MNZdsPbyVSk6yXBRdUn/vJbYwESiz\ntZjfVRRXVcqFEpE+J2KtxtMYGbar1Nt3GBfh2F/ArXssLl+o40cYkP6+bBB1HJyF\nQsFl+NJ4RWpIJhl1uSBR2p8/7EyoLXPWSUHrBW8MQoz5QLCRJpLjdm/tJW6k68oy\nRaHIHWUsw5cTvb8VD8uAR78G4Rzjq8gplV1xjo0/N2FuhdhAZGlte9DIH/euWkOy\nFPzD5F5I1T1hxTMD5JZaG3zjTGI4O0Ib5HaXT+XPAAABAQDbJpmvjKZt7r1jf8/x\n8gv5zbNQLtmwlpGCVpsE1Q5xnAvUBrBX05Wby6H6P20OfiAtnVs78rOfh51Uzfda\nxyXm6sDnIqyw2px+kcqy0bhj5Cu4FV6KAghU2K9xgGxq2SC5vP4H/0XcYZ8plL2Z\n8M0MC5R/yxcgCm5ghSK0FQz0n5a17qvl5XKeeJTyX/1Ob8hwaGimf2f1sX2Xo/KD\nYwRVn9saJQ/3kzqV3s6pftDwDCqSI+M8/xk+jqIFf1Mi6KOawM2UvQnbaqUiSnMd\nVTuS18eu4e9kf93IuoY/5wkQ4bpzx+GfP9w8fw3J0DkoQXwGWccszxjj+4eKOASs\nbPqjAAABAQDMioCO4G6ycloxpvq6XKQ5mYGxxr9TMS143iusrsYGmskDGiJrd4zL\noVU8PWzokwBgExp3UbTkb9mNGXgw5+384HUYnaxJ0VWgMd/i25gIoWErbId5y3RI\nKNXF2rYT9J5/n2MCM9syvdD5Ky2ASLkwcaBc2HHc5hx+geurLbHBlR+M9JSOYhyj\nfpUdMnP1jj0xaNKOtm8V1qJyM9xBYkio/cRxXvptqryqh5YzGIwsodHwrP3GuEeq\nNrsDmWWZZVInUi9UU/42Le0+j+DtZ3Cr4ngYVILWVsHoYW478zufKEk03zG72jlf\nhgZGDOVoWDDuRISicYyTSdJUmbKCxHeLAAAAAAEC\n-----END OPENSSH PRIVATE KEY-----\n",
            "private_key_pem": "-----BEGIN RSA PRIVATE KEY-----\nMIIJKAIBAAKCAgEArxlTVFkYANccqF2kscdEMDLjNpM07bb0NlIfjqN4dgS204Or\n6gJmMV8nyqMs4kaPHHEeXKe1lioT4mk03Zq5Uaxp2wIBMvXTxMZhRy148rz1rSK9\nFmeTov/A/ZfbF75GlySTm6OcNGUwen4AzRjva5BmlyKYPDhXdMcV9S37tdZqM+Eg\ng0dmho9O0kMK6fQnZk4AYB/ErzdtoxpDjl3bTSIuschRsWMEjSdwPPwEC1rek2SP\n82z2f6teGTLenQjp8FJrqiCbR0Hl3UntFIxeLOR63drRBWBGTDxKeWSx7RFYORZN\nSkY3WO61ZXVsu1SFXqWl42dY6l2NcWAHu5sh5CrU3KbaGiXTEXkFXjvNIKS/vZPw\nPC94Ak6zAu8Oc9h52tBgZLMK2LU6WuLOVtu+UWZbtnL8rZepsMnuV8G1qJYMmOxG\n2C/x799nnYmjiNSb9moA+JMnAE1hoarjhsxMFH2QwF/J3PC6tRcUMRDQ4mLYBU5I\nn3gJ8puqMO8FGs9VRU1PalekS0y25vhMfcXNfUQjV9OLSTmQTrgjc9d0BDHV1THx\nJ+bqQhFV+xkkQssm0pNjwGCIc6v8cMWslbBR9+WnK/28gZ/tt4+aGx+m5kCKHEGT\nX1bJz1CVYaAoD3S6lZkZfpyjBSn4kSiiyZ/hi5PTllofmHT9FEehvPJ524ECAwEA\nAQKCAgEAjKxgEifx7Nrlny58nodk9QQtHy9tGn4d/XZE/CfBI6/t4kiq2TpMN+Ym\n5dnquW/Okh8fMXlbneT4TLIRUuh3cnJ+KQGXTQXKuRBYHwMdZIcDKbH7EADuz8mB\nlztlPdIUjGFKZYQwfre9FuwcYKpjz5sXkNyuSdNKD/vSXEQxMYmtkTiREmdOq1R/\nEtXh8svAy6RnENL1BYAWiS8Uj1BAW9vWf+ZcG5NdmLnSpmwiI61BnFDyhbNI5pEa\n7Eu+JZN/vx+4d9nyZnE+52X5HsUW9CIrxAmEXDlYwO6/Nn/7omaI5nRQbBe1Z7F/\n8p9AV9AzxjJ28Bebi87VT/zCuaqMspqBJDMZQyt4wjacHxjtkBC//BirsGPtHGn7\nxRH8SMbhke8Jb4maEDC5jhZm8VwW+GNaUo600Gpeib8rrWuaJeSAO6Wi+JgoPxGB\npjLx4adeOjFf7d1VIUOWM8VuEodfs8kz+lOc4h0CzYcuHXdbayE1XLmw1DrZ0knv\nFllA4RUe30yUUaLkYf6QxIiE0H+J2qeCKJPcOftZf4dwJpK34183DYNDrqz7arAp\njB3hZLWjRvfRx7meDuDfYu/iK2Wvwrgq2RhWGzaKmXDRinP3KdtCz/NOrQADhIMu\n3syH4xvab6Uph5oDFdKJiDtas293YheujNC9BaNo9E44siiOCHECggEBANsmma+M\npm3uvWN/z/HyC/nNs1Au2bCWkYJWmwTVDnGcC9QGsFfTlZvLofo/bQ5+IC2dWzvy\ns5+HnVTN91rHJebqwOcirLDanH6RyrLRuGPkK7gVXooCCFTYr3GAbGrZILm8/gf/\nRdxhnymUvZnwzQwLlH/LFyAKbmCFIrQVDPSflrXuq+Xlcp54lPJf/U5vyHBoaKZ/\nZ/WxfZej8oNjBFWf2xolD/eTOpXezql+0PAMKpIj4zz/GT6OogV/UyLoo5rAzZS9\nCdtqpSJKcx1VO5LXx67h72R/3ci6hj/nCRDhunPH4Z8/3Dx/DcnQOShBfAZZxyzP\nGOP7h4o4BKxs+qMCggEBAMyKgI7gbrJyWjGm+rpcpDmZgbHGv1MxLXjeK6yuxgaa\nyQMaImt3jMuhVTw9bOiTAGATGndRtORv2Y0ZeDDn7fzgdRidrEnRVaAx3+LbmAih\nYStsh3nLdEgo1cXathP0nn+fYwIz2zK90PkrLYBIuTBxoFzYcdzmHH6B66stscGV\nH4z0lI5iHKN+lR0yc/WOPTFo0o62bxXWonIz3EFiSKj9xHFe+m2qvKqHljMYjCyh\n0fCs/ca4R6o2uwOZZZllUidSL1RT/jYt7T6P4O1ncKvieBhUgtZWwehhbjvzO58o\nSTTfMbvaOV+GBkYM5WhYMO5EhKJxjJNJ0lSZsoLEd4sCggEAUsrPbuHNEmUKSafE\nsJwH6DTNFHLOrQcFK996KyYukb8pPM3WGygFMlmI9Ri3I62EjJcRG6HCOHeseZhi\nZXotGIMBo5CW+y1rx+leUZYneh1+Yso38B16dktyZIfm7arf0SvUMMNA6lQ7JCNc\nSecOIAnT7T+VmfY24uIJTU1Smqwb7NmhOXYoijP12WdoNBTI/aaEOrqRVOHcF8jJ\nWteykIKW7NappJeLn4kQPDp7xuRhxNooBCg/qkGKdlc22k5XWKSURifwrGMqxbyo\npqFHo18/whL7NNWVvTqyczveUfFlVk5iL56ZnoVFeUPgBBRRPbj3JTeMKL0i5JXr\nNhTpzwKCAQAuABwnhdv/b+5O6mHLFditR5O+epc+y3mRjE3AOVI53AfHFdKV3r4g\ncbksohfjOmRENyelnA+VrH392LOKNC72xzgugA9mTpj2PSE/8OkBT+H9lRvmzVXq\ngJyLMcPvOv2GcD8hGK58e+oKj6ZdCn3zoipRlzAMYQgZf3iT9+PZSINe/QaH+xK7\nxlUcyuL/X6ztdsib5fWXsLy5+GXZopP6xY+ve4/QqCxkIbgq56NmykHf4df1IC6l\n3kcy6QXLeNkAFOCmE3nBj5SilFMesTvKvFUMC72dHMfhTkAvZWWMRtAn/uY9fDeY\n/xhcGrxhOixO+cPmkKjv2xNdiW93L14/AoIBAFv7k3WfTQ3Enny/9weghlYGr1Zy\ny5380EqbQl+wdllXhOZ4ER8pglmr47pwv+jP/3eT9Odba30cUh1lXww1l2w9vJVK\nTrJcFF1Sf+8ltjARKLO1mN9VFFdVyoUSkT4nYq3G0xgZtqvU23cYF+HYX8Cteywu\nX6jjRxiQ/r5sEHUcnIVCwWX40nhFakgmGXW5IFHanz/sTKgtc9ZJQesFbwxCjPlA\nsJEmkuN2b+0lbqTryjJFocgdZSzDlxO9vxUPy4BHvwbhHOOryCmVXXGOjT83YW6F\n2EBkaW170Mgf965aQ7IU/MPkXkjVPWHFMwPkllobfONMYjg7QhvkdpdP5c8=\n-----END RSA PRIVATE KEY-----\n",
            "private_key_pem_pkcs8": "-----BEGIN PRIVATE KEY-----\nMIIJQgIBADANBgkqhkiG9w0BAQEFAASCCSwwggkoAgEAAoICAQCvGVNUWRgA1xyo\nXaSxx0QwMuM2kzTttvQ2Uh+Oo3h2BLbTg6vqAmYxXyfKoyziRo8ccR5cp7WWKhPi\naTTdmrlRrGnbAgEy9dPExmFHLXjyvPWtIr0WZ5Oi/8D9l9sXvkaXJJObo5w0ZTB6\nfgDNGO9rkGaXIpg8OFd0xxX1Lfu11moz4SCDR2aGj07SQwrp9CdmTgBgH8SvN22j\nGkOOXdtNIi6xyFGxYwSNJ3A8/AQLWt6TZI/zbPZ/q14ZMt6dCOnwUmuqIJtHQeXd\nSe0UjF4s5Hrd2tEFYEZMPEp5ZLHtEVg5Fk1KRjdY7rVldWy7VIVepaXjZ1jqXY1x\nYAe7myHkKtTcptoaJdMReQVeO80gpL+9k/A8L3gCTrMC7w5z2Hna0GBkswrYtTpa\n4s5W275RZlu2cvytl6mwye5XwbWolgyY7EbYL/Hv32ediaOI1Jv2agD4kycATWGh\nquOGzEwUfZDAX8nc8Lq1FxQxENDiYtgFTkifeAnym6ow7wUaz1VFTU9qV6RLTLbm\n+Ex9xc19RCNX04tJOZBOuCNz13QEMdXVMfEn5upCEVX7GSRCyybSk2PAYIhzq/xw\nxayVsFH35acr/byBn+23j5obH6bmQIocQZNfVsnPUJVhoCgPdLqVmRl+nKMFKfiR\nKKLJn+GLk9OWWh+YdP0UR6G88nnbgQIDAQABAoICAQCMrGASJ/Hs2uWfLnyeh2T1\nBC0fL20afh39dkT8J8Ejr+3iSKrZOkw35ibl2eq5b86SHx8xeVud5PhMshFS6Hdy\ncn4pAZdNBcq5EFgfAx1khwMpsfsQAO7PyYGXO2U90hSMYUplhDB+t70W7BxgqmPP\nmxeQ3K5J00oP+9JcRDExia2ROJESZ06rVH8S1eHyy8DLpGcQ0vUFgBaJLxSPUEBb\n29Z/5lwbk12YudKmbCIjrUGcUPKFs0jmkRrsS74lk3+/H7h32fJmcT7nZfkexRb0\nIivECYRcOVjA7r82f/uiZojmdFBsF7VnsX/yn0BX0DPGMnbwF5uLztVP/MK5qoyy\nmoEkMxlDK3jCNpwfGO2QEL/8GKuwY+0cafvFEfxIxuGR7wlviZoQMLmOFmbxXBb4\nY1pSjrTQal6Jvyuta5ol5IA7paL4mCg/EYGmMvHhp146MV/t3VUhQ5YzxW4Sh1+z\nyTP6U5ziHQLNhy4dd1trITVcubDUOtnSSe8WWUDhFR7fTJRRouRh/pDEiITQf4na\np4Iok9w5+1l/h3AmkrfjXzcNg0OurPtqsCmMHeFktaNG99HHuZ4O4N9i7+IrZa/C\nuCrZGFYbNoqZcNGKc/cp20LP806tAAOEgy7ezIfjG9pvpSmHmgMV0omIO1qzb3di\nF66M0L0Fo2j0TjiyKI4IcQKCAQEA2yaZr4ymbe69Y3/P8fIL+c2zUC7ZsJaRglab\nBNUOcZwL1AawV9OVm8uh+j9tDn4gLZ1bO/Kzn4edVM33Wscl5urA5yKssNqcfpHK\nstG4Y+QruBVeigIIVNivcYBsatkgubz+B/9F3GGfKZS9mfDNDAuUf8sXIApuYIUi\ntBUM9J+Wte6r5eVynniU8l/9Tm/IcGhopn9n9bF9l6Pyg2MEVZ/bGiUP95M6ld7O\nqX7Q8AwqkiPjPP8ZPo6iBX9TIuijmsDNlL0J22qlIkpzHVU7ktfHruHvZH/dyLqG\nP+cJEOG6c8fhnz/cPH8NydA5KEF8BlnHLM8Y4/uHijgErGz6owKCAQEAzIqAjuBu\nsnJaMab6ulykOZmBsca/UzEteN4rrK7GBprJAxoia3eMy6FVPD1s6JMAYBMad1G0\n5G/ZjRl4MOft/OB1GJ2sSdFVoDHf4tuYCKFhK2yHect0SCjVxdq2E/Sef59jAjPb\nMr3Q+SstgEi5MHGgXNhx3OYcfoHrqy2xwZUfjPSUjmIco36VHTJz9Y49MWjSjrZv\nFdaicjPcQWJIqP3EcV76baq8qoeWMxiMLKHR8Kz9xrhHqja7A5llmWVSJ1IvVFP+\nNi3tPo/g7Wdwq+J4GFSC1lbB6GFuO/M7nyhJNN8xu9o5X4YGRgzlaFgw7kSEonGM\nk0nSVJmygsR3iwKCAQBSys9u4c0SZQpJp8SwnAfoNM0Ucs6tBwUr33orJi6Rvyk8\nzdYbKAUyWYj1GLcjrYSMlxEbocI4d6x5mGJlei0YgwGjkJb7LWvH6V5Rlid6HX5i\nyjfwHXp2S3Jkh+btqt/RK9Qww0DqVDskI1xJ5w4gCdPtP5WZ9jbi4glNTVKarBvs\n2aE5diiKM/XZZ2g0FMj9poQ6upFU4dwXyMla17KQgpbs1qmkl4ufiRA8OnvG5GHE\n2igEKD+qQYp2VzbaTldYpJRGJ/CsYyrFvKimoUejXz/CEvs01ZW9OrJzO95R8WVW\nTmIvnpmehUV5Q+AEFFE9uPclN4wovSLkles2FOnPAoIBAC4AHCeF2/9v7k7qYcsV\n2K1Hk756lz7LeZGMTcA5UjncB8cV0pXeviBxuSyiF+M6ZEQ3J6WcD5Wsff3Ys4o0\nLvbHOC6AD2ZOmPY9IT/w6QFP4f2VG+bNVeqAnIsxw+86/YZwPyEYrnx76gqPpl0K\nffOiKlGXMAxhCBl/eJP349lIg179Bof7ErvGVRzK4v9frO12yJvl9ZewvLn4Zdmi\nk/rFj697j9CoLGQhuCrno2bKQd/h1/UgLqXeRzLpBct42QAU4KYTecGPlKKUUx6x\nO8q8VQwLvZ0cx+FOQC9lZYxG0Cf+5j18N5j/GFwavGE6LE75w+aQqO/bE12Jb3cv\nXj8CggEAW/uTdZ9NDcSefL/3B6CGVgavVnLLnfzQSptCX7B2WVeE5ngRHymCWavj\nunC/6M//d5P051trfRxSHWVfDDWXbD28lUpOslwUXVJ/7yW2MBEos7WY31UUV1XK\nhRKRPidircbTGBm2q9TbdxgX4dhfwK17LC5fqONHGJD+vmwQdRychULBZfjSeEVq\nSCYZdbkgUdqfP+xMqC1z1klB6wVvDEKM+UCwkSaS43Zv7SVupOvKMkWhyB1lLMOX\nE72/FQ/LgEe/BuEc46vIKZVdcY6NPzdhboXYQGRpbXvQyB/3rlpDshT8w+ReSNU9\nYcUzA+SWWht840xiODtCG+R2l0/lzw==\n-----END PRIVATE KEY-----\n",
            "public_key_fingerprint_md5": "ba:7e:f5:6d:61:c7:44:7f:c6:50:ba:94:47:c2:67:0a",
            "public_key_fingerprint_sha256": "SHA256:LKcdqS3xf/GO/fsR0xRIAEglLwTxp3VhmIk+T4sWsIY",
            "public_key_openssh": "ssh-rsa AAAAB3NzaC1yc2EAAAADAQABAAACAQCvGVNUWRgA1xyoXaSxx0QwMuM2kzTttvQ2Uh+Oo3h2BLbTg6vqAmYxXyfKoyziRo8ccR5cp7WWKhPiaTTdmrlRrGnbAgEy9dPExmFHLXjyvPWtIr0WZ5Oi/8D9l9sXvkaXJJObo5w0ZTB6fgDNGO9rkGaXIpg8OFd0xxX1Lfu11moz4SCDR2aGj07SQwrp9CdmTgBgH8SvN22jGkOOXdtNIi6xyFGxYwSNJ3A8/AQLWt6TZI/zbPZ/q14ZMt6dCOnwUmuqIJtHQeXdSe0UjF4s5Hrd2tEFYEZMPEp5ZLHtEVg5Fk1KRjdY7rVldWy7VIVepaXjZ1jqXY1xYAe7myHkKtTcptoaJdMReQVeO80gpL+9k/A8L3gCTrMC7w5z2Hna0GBkswrYtTpa4s5W275RZlu2cvytl6mwye5XwbWolgyY7EbYL/Hv32ediaOI1Jv2agD4kycATWGhquOGzEwUfZDAX8nc8Lq1FxQxENDiYtgFTkifeAnym6ow7wUaz1VFTU9qV6RLTLbm+Ex9xc19RCNX04tJOZBOuCNz13QEMdXVMfEn5upCEVX7GSRCyybSk2PAYIhzq/xwxayVsFH35acr/byBn+23j5obH6bmQIocQZNfVsnPUJVhoCgPdLqVmRl+nKMFKfiRKKLJn+GLk9OWWh+YdP0UR6G88nnbgQ==\n",
            "public_key_pem": "-----BEGIN PUBLIC KEY-----\nMIICIjANBgkqhkiG9w0BAQEFAAOCAg8AMIICCgKCAgEArxlTVFkYANccqF2kscdE\nMDLjNpM07bb0NlIfjqN4dgS204Or6gJmMV8nyqMs4kaPHHEeXKe1lioT4mk03Zq5\nUaxp2wIBMvXTxMZhRy148rz1rSK9FmeTov/A/ZfbF75GlySTm6OcNGUwen4AzRjv\na5BmlyKYPDhXdMcV9S37tdZqM+Egg0dmho9O0kMK6fQnZk4AYB/ErzdtoxpDjl3b\nTSIuschRsWMEjSdwPPwEC1rek2SP82z2f6teGTLenQjp8FJrqiCbR0Hl3UntFIxe\nLOR63drRBWBGTDxKeWSx7RFYORZNSkY3WO61ZXVsu1SFXqWl42dY6l2NcWAHu5sh\n5CrU3KbaGiXTEXkFXjvNIKS/vZPwPC94Ak6zAu8Oc9h52tBgZLMK2LU6WuLOVtu+\nUWZbtnL8rZepsMnuV8G1qJYMmOxG2C/x799nnYmjiNSb9moA+JMnAE1hoarjhsxM\nFH2QwF/J3PC6tRcUMRDQ4mLYBU5In3gJ8puqMO8FGs9VRU1PalekS0y25vhMfcXN\nfUQjV9OLSTmQTrgjc9d0BDHV1THxJ+bqQhFV+xkkQssm0pNjwGCIc6v8cMWslbBR\n9+WnK/28gZ/tt4+aGx+m5kCKHEGTX1bJz1CVYaAoD3S6lZkZfpyjBSn4kSiiyZ/h\ni5PTllofmHT9FEehvPJ524ECAwEAAQ==\n-----END PUBLIC KEY-----\n",
            "rsa_bits": 4096
          },
          "sensitive_attributes": []
        }
      ]
    }
  ],
  "check_results": null
}
